{
  "nodes": {
    "flake-utils": {
      "locked": {
        "lastModified": 1667077288,
        "narHash": "sha256-bdC8sFNDpT0HK74u9fUkpbf1MEzVYJ+ka7NXCdgBoaA=",
        "owner": "numtide",
        "repo": "flake-utils",
        "rev": "6ee9ebb6b1ee695d2cacc4faa053a7b9baa76817",
        "type": "github"
      },
      "original": {
        "owner": "numtide",
        "repo": "flake-utils",
        "type": "github"
      }
    },
    "nixpkgs": {
      "locked": {
        "lastModified": 1667339541,
        "narHash": "sha256-0SfqYB+WznB7IRsSxlkX7Iys85/h6j08Edkq7JLbrXw=",
        "owner": "urandom2",
        "repo": "nixpkgs",
        "rev": "1115389bcdc919f92204f0d3b0514c4e44e25891",
        "type": "github"
      },
      "original": {
        "owner": "urandom2",
        "ref": "mgmt",
        "repo": "nixpkgs",
        "type": "github"
      }
    },
    "root": {
      "inputs": {
        "flake-utils": "flake-utils",
        "nixpkgs": "nixpkgs"
      }
    }
  },
  "root": "root",
  "version": 7
}
